
Microsoft Visual Studio Solution File, Format Version 12.00
# Visual Studio Version 17
VisualStudioVersion = 17.11.35219.272
MinimumVisualStudioVersion = 10.0.40219.1
Project("{FAE04EC0-301F-11D3-BF4B-00C04F79EFBC}") = "PuebaASP", "PuebaASP\PuebaASP.csproj", "{A3B8703C-8EFC-4239-8CC8-ACD5D1C40D02}"
EndProject
Global
	GlobalSection(SolutionConfigurationPlatforms) = preSolution
		Debug|Any CPU = Debug|Any CPU
		Release|Any CPU = Release|Any CPU
	EndGlobalSection
	GlobalSection(ProjectConfigurationPlatforms) = postSolution
		{A3B8703C-8EFC-4239-8CC8-ACD5D1C40D02}.Debug|Any CPU.ActiveCfg = Debug|Any CPU
		{A3B8703C-8EFC-4239-8CC8-ACD5D1C40D02}.Debug|Any CPU.Build.0 = Debug|Any CPU
		{A3B8703C-8EFC-4239-8CC8-ACD5D1C40D02}.Release|Any CPU.ActiveCfg = Release|Any CPU
		{A3B8703C-8EFC-4239-8CC8-ACD5D1C40D02}.Release|Any CPU.Build.0 = Release|Any CPU
	EndGlobalSection
	GlobalSection(SolutionProperties) = preSolution
		HideSolutionNode = FALSE
	EndGlobalSection
	GlobalSection(ExtensibilityGlobals) = postSolution
		SolutionGuid = {FEA7565F-43B6-48C7-8E30-35091C3EC0EF}
	EndGlobalSection
EndGlobal
